
Microsoft Visual Studio Solution File, Format Version 12.00
# Visual Studio Version 17
VisualStudioVersion = 17.9.34607.119
MinimumVisualStudioVersion = 10.0.40219.1
Project("{9A19103F-16F7-4668-BE54-9A1E7A4F7556}") = "PASS 2024 T1", "PASS 2024 T1\PASS 2024 T1.csproj", "{867F3EDA-2BF2-492F-819C-72186B61B064}"
EndProject
Project("{9A19103F-16F7-4668-BE54-9A1E7A4F7556}") = "PASS_WK3", "PASS_WK3\PASS_WK3.csproj", "{877C8EB2-8718-42D3-8288-2E92F5A69A1C}"
EndProject
Project("{FAE04EC0-301F-11D3-BF4B-00C04F79EFBC}") = "PASS_WK4", "PASS_WK4\PASS_WK4.csproj", "{B00176C0-D8DE-426F-A6EC-5C332B107C8E}"
EndProject
Global
	GlobalSection(SolutionConfigurationPlatforms) = preSolution
		Debug|Any CPU = Debug|Any CPU
		Release|Any CPU = Release|Any CPU
	EndGlobalSection
	GlobalSection(ProjectConfigurationPlatforms) = postSolution
		{867F3EDA-2BF2-492F-819C-72186B61B064}.Debug|Any CPU.ActiveCfg = Debug|Any CPU
		{867F3EDA-2BF2-492F-819C-72186B61B064}.Debug|Any CPU.Build.0 = Debug|Any CPU
		{867F3EDA-2BF2-492F-819C-72186B61B064}.Release|Any CPU.ActiveCfg = Release|Any CPU
		{867F3EDA-2BF2-492F-819C-72186B61B064}.Release|Any CPU.Build.0 = Release|Any CPU
		{877C8EB2-8718-42D3-8288-2E92F5A69A1C}.Debug|Any CPU.ActiveCfg = Debug|Any CPU
		{877C8EB2-8718-42D3-8288-2E92F5A69A1C}.Debug|Any CPU.Build.0 = Debug|Any CPU
		{877C8EB2-8718-42D3-8288-2E92F5A69A1C}.Release|Any CPU.ActiveCfg = Release|Any CPU
		{877C8EB2-8718-42D3-8288-2E92F5A69A1C}.Release|Any CPU.Build.0 = Release|Any CPU
		{B00176C0-D8DE-426F-A6EC-5C332B107C8E}.Debug|Any CPU.ActiveCfg = Debug|Any CPU
		{B00176C0-D8DE-426F-A6EC-5C332B107C8E}.Debug|Any CPU.Build.0 = Debug|Any CPU
		{B00176C0-D8DE-426F-A6EC-5C332B107C8E}.Release|Any CPU.ActiveCfg = Release|Any CPU
		{B00176C0-D8DE-426F-A6EC-5C332B107C8E}.Release|Any CPU.Build.0 = Release|Any CPU
	EndGlobalSection
	GlobalSection(SolutionProperties) = preSolution
		HideSolutionNode = FALSE
	EndGlobalSection
	GlobalSection(ExtensibilityGlobals) = postSolution
		SolutionGuid = {7C6743EB-8FD6-4963-B892-4A79ABE4A050}
	EndGlobalSection
EndGlobal
